
Microsoft Visual Studio Solution File, Format Version 12.00
# Visual Studio Version 16
VisualStudioVersion = 16.0.30225.117
MinimumVisualStudioVersion = 10.0.40219.1
Project("{FAE04EC0-301F-11D3-BF4B-00C04F79EFBC}") = "Employees-ExercicioListas", "Employees-ExercicioListas\Employees-ExercicioListas.csproj", "{F609AB44-C376-4CA1-A476-9AD0F300A675}"
EndProject
Global
	GlobalSection(SolutionConfigurationPlatforms) = preSolution
		Debug|Any CPU = Debug|Any CPU
		Release|Any CPU = Release|Any CPU
	EndGlobalSection
	GlobalSection(ProjectConfigurationPlatforms) = postSolution
		{F609AB44-C376-4CA1-A476-9AD0F300A675}.Debug|Any CPU.ActiveCfg = Debug|Any CPU
		{F609AB44-C376-4CA1-A476-9AD0F300A675}.Debug|Any CPU.Build.0 = Debug|Any CPU
		{F609AB44-C376-4CA1-A476-9AD0F300A675}.Release|Any CPU.ActiveCfg = Release|Any CPU
		{F609AB44-C376-4CA1-A476-9AD0F300A675}.Release|Any CPU.Build.0 = Release|Any CPU
	EndGlobalSection
	GlobalSection(SolutionProperties) = preSolution
		HideSolutionNode = FALSE
	EndGlobalSection
	GlobalSection(ExtensibilityGlobals) = postSolution
		SolutionGuid = {966E0928-1165-4771-8E31-DBC8C7B437AD}
	EndGlobalSection
EndGlobal
