
Microsoft Visual Studio Solution File, Format Version 12.00
# Visual Studio Version 16
VisualStudioVersion = 16.0.30225.117
MinimumVisualStudioVersion = 10.0.40219.1
Project("{FAE04EC0-301F-11D3-BF4B-00C04F79EFBC}") = "Exercicio2", "Exercicio2\Exercicio2.csproj", "{F183C4DB-BEC5-40EC-9F2E-F6725DDA8FDF}"
EndProject
Global
	GlobalSection(SolutionConfigurationPlatforms) = preSolution
		Debug|Any CPU = Debug|Any CPU
		Release|Any CPU = Release|Any CPU
	EndGlobalSection
	GlobalSection(ProjectConfigurationPlatforms) = postSolution
		{F183C4DB-BEC5-40EC-9F2E-F6725DDA8FDF}.Debug|Any CPU.ActiveCfg = Debug|Any CPU
		{F183C4DB-BEC5-40EC-9F2E-F6725DDA8FDF}.Debug|Any CPU.Build.0 = Debug|Any CPU
		{F183C4DB-BEC5-40EC-9F2E-F6725DDA8FDF}.Release|Any CPU.ActiveCfg = Release|Any CPU
		{F183C4DB-BEC5-40EC-9F2E-F6725DDA8FDF}.Release|Any CPU.Build.0 = Release|Any CPU
	EndGlobalSection
	GlobalSection(SolutionProperties) = preSolution
		HideSolutionNode = FALSE
	EndGlobalSection
	GlobalSection(ExtensibilityGlobals) = postSolution
		SolutionGuid = {D59108F5-99AE-4C0D-A0AF-DBA2D1971523}
	EndGlobalSection
EndGlobal
