
Microsoft Visual Studio Solution File, Format Version 12.00
# Visual Studio Version 16
VisualStudioVersion = 16.0.30225.117
MinimumVisualStudioVersion = 10.0.40219.1
Project("{FAE04EC0-301F-11D3-BF4B-00C04F79EFBC}") = "Lista 1 - Estrutura Sequencial", "Lista 1 - Estrutura Sequencial\Lista 1 - Estrutura Sequencial.csproj", "{AA0A682B-FD4D-4580-B505-3EFAD1ACF425}"
EndProject
Global
	GlobalSection(SolutionConfigurationPlatforms) = preSolution
		Debug|Any CPU = Debug|Any CPU
		Release|Any CPU = Release|Any CPU
	EndGlobalSection
	GlobalSection(ProjectConfigurationPlatforms) = postSolution
		{AA0A682B-FD4D-4580-B505-3EFAD1ACF425}.Debug|Any CPU.ActiveCfg = Debug|Any CPU
		{AA0A682B-FD4D-4580-B505-3EFAD1ACF425}.Debug|Any CPU.Build.0 = Debug|Any CPU
		{AA0A682B-FD4D-4580-B505-3EFAD1ACF425}.Release|Any CPU.ActiveCfg = Release|Any CPU
		{AA0A682B-FD4D-4580-B505-3EFAD1ACF425}.Release|Any CPU.Build.0 = Release|Any CPU
	EndGlobalSection
	GlobalSection(SolutionProperties) = preSolution
		HideSolutionNode = FALSE
	EndGlobalSection
	GlobalSection(ExtensibilityGlobals) = postSolution
		SolutionGuid = {6B9982D1-11F9-428F-A1AB-A45957F9B25A}
	EndGlobalSection
EndGlobal
