
Microsoft Visual Studio Solution File, Format Version 12.00
# Visual Studio Version 16
VisualStudioVersion = 16.0.30225.117
MinimumVisualStudioVersion = 10.0.40219.1
Project("{FAE04EC0-301F-11D3-BF4B-00C04F79EFBC}") = "ExercicioContaBancaria", "ExercicioContaBancaria\ExercicioContaBancaria.csproj", "{8C8756C8-3BDC-4DEC-A898-847DABE82D98}"
EndProject
Global
	GlobalSection(SolutionConfigurationPlatforms) = preSolution
		Debug|Any CPU = Debug|Any CPU
		Release|Any CPU = Release|Any CPU
	EndGlobalSection
	GlobalSection(ProjectConfigurationPlatforms) = postSolution
		{8C8756C8-3BDC-4DEC-A898-847DABE82D98}.Debug|Any CPU.ActiveCfg = Debug|Any CPU
		{8C8756C8-3BDC-4DEC-A898-847DABE82D98}.Debug|Any CPU.Build.0 = Debug|Any CPU
		{8C8756C8-3BDC-4DEC-A898-847DABE82D98}.Release|Any CPU.ActiveCfg = Release|Any CPU
		{8C8756C8-3BDC-4DEC-A898-847DABE82D98}.Release|Any CPU.Build.0 = Release|Any CPU
	EndGlobalSection
	GlobalSection(SolutionProperties) = preSolution
		HideSolutionNode = FALSE
	EndGlobalSection
	GlobalSection(ExtensibilityGlobals) = postSolution
		SolutionGuid = {0E3C6D04-9A09-47D9-BE4F-AA172D8D3372}
	EndGlobalSection
EndGlobal
